// !$*UTF8*$!
{
	archiveVersion = 1;
	classes = {
	};
	objectVersion = 51;
	objects = {

/* Begin PBXBuildFile section */
		6720280125F10AC0004A6B46 /* NetworkManager.swift in Sources */ = {isa = PBXBuildFile; fileRef = 6720280025F10AC0004A6B46 /* NetworkManager.swift */; };
		67716ABC25F2F7BE00F7B547 /* RecipeInfoTableViewCell.swift in Sources */ = {isa = PBXBuildFile; fileRef = 67716ABB25F2F7BE00F7B547 /* RecipeInfoTableViewCell.swift */; };
		6797E8E825EC5D880090D05D /* AppDelegate.swift in Sources */ = {isa = PBXBuildFile; fileRef = 6797E8E725EC5D880090D05D /* AppDelegate.swift */; };
		6797E8EA25EC5D880090D05D /* SceneDelegate.swift in Sources */ = {isa = PBXBuildFile; fileRef = 6797E8E925EC5D880090D05D /* SceneDelegate.swift */; };
		6797E8EF25EC5D880090D05D /* Main.storyboard in Resources */ = {isa = PBXBuildFile; fileRef = 6797E8ED25EC5D880090D05D /* Main.storyboard */; };
		6797E8F125EC5D8B0090D05D /* Assets.xcassets in Resources */ = {isa = PBXBuildFile; fileRef = 6797E8F025EC5D8B0090D05D /* Assets.xcassets */; };
		6797E8F425EC5D8B0090D05D /* LaunchScreen.storyboard in Resources */ = {isa = PBXBuildFile; fileRef = 6797E8F225EC5D8B0090D05D /* LaunchScreen.storyboard */; };
		6797E90525EC5E360090D05D /* Recipe.swift in Sources */ = {isa = PBXBuildFile; fileRef = 6797E90425EC5E350090D05D /* Recipe.swift */; };
		67B5FE6225EEDC59001BEC92 /* RecipeInformationViewController.swift in Sources */ = {isa = PBXBuildFile; fileRef = 67B5FE6125EEDC59001BEC92 /* RecipeInformationViewController.swift */; };
		67B5FE6A25EF03EA001BEC92 /* RecipeInfoCell.swift in Sources */ = {isa = PBXBuildFile; fileRef = 67B5FE6925EF03E9001BEC92 /* RecipeInfoCell.swift */; };
		67D8A49025EDB55500B9D30D /* MainViewController.swift in Sources */ = {isa = PBXBuildFile; fileRef = 67D8A48F25EDB55500B9D30D /* MainViewController.swift */; };
		67D8A49325EDB58200B9D30D /* RandomViewController.swift in Sources */ = {isa = PBXBuildFile; fileRef = 67D8A49225EDB58200B9D30D /* RandomViewController.swift */; };
		883C36B674997187EBB221E6 /* Pods_firstParseApp.framework in Frameworks */ = {isa = PBXBuildFile; fileRef = 38D2C949B0484F9AC7003FED /* Pods_firstParseApp.framework */; };
/* End PBXBuildFile section */

/* Begin PBXFileReference section */
		2E1BF0164287F39B75B6BA1E /* Pods-firstParseApp.debug.xcconfig */ = {isa = PBXFileReference; includeInIndex = 1; lastKnownFileType = text.xcconfig; name = "Pods-firstParseApp.debug.xcconfig"; path = "Target Support Files/Pods-firstParseApp/Pods-firstParseApp.debug.xcconfig"; sourceTree = "<group>"; };
		2F7BABD4D1FF467226BF500F /* Pods-firstParseApp.release.xcconfig */ = {isa = PBXFileReference; includeInIndex = 1; lastKnownFileType = text.xcconfig; name = "Pods-firstParseApp.release.xcconfig"; path = "Target Support Files/Pods-firstParseApp/Pods-firstParseApp.release.xcconfig"; sourceTree = "<group>"; };
		38D2C949B0484F9AC7003FED /* Pods_firstParseApp.framework */ = {isa = PBXFileReference; explicitFileType = wrapper.framework; includeInIndex = 0; path = Pods_firstParseApp.framework; sourceTree = BUILT_PRODUCTS_DIR; };
		6720280025F10AC0004A6B46 /* NetworkManager.swift */ = {isa = PBXFileReference; lastKnownFileType = sourcecode.swift; path = NetworkManager.swift; sourceTree = "<group>"; };
		67716ABB25F2F7BE00F7B547 /* RecipeInfoTableViewCell.swift */ = {isa = PBXFileReference; lastKnownFileType = sourcecode.swift; path = RecipeInfoTableViewCell.swift; sourceTree = "<group>"; };
		6797E8E425EC5D880090D05D /* firstParseApp.app */ = {isa = PBXFileReference; explicitFileType = wrapper.application; includeInIndex = 0; path = firstParseApp.app; sourceTree = BUILT_PRODUCTS_DIR; };
		6797E8E725EC5D880090D05D /* AppDelegate.swift */ = {isa = PBXFileReference; lastKnownFileType = sourcecode.swift; path = AppDelegate.swift; sourceTree = "<group>"; };
		6797E8E925EC5D880090D05D /* SceneDelegate.swift */ = {isa = PBXFileReference; lastKnownFileType = sourcecode.swift; path = SceneDelegate.swift; sourceTree = "<group>"; };
		6797E8EE25EC5D880090D05D /* Base */ = {isa = PBXFileReference; lastKnownFileType = file.storyboard; name = Base; path = Base.lproj/Main.storyboard; sourceTree = "<group>"; };
		6797E8F025EC5D8B0090D05D /* Assets.xcassets */ = {isa = PBXFileReference; lastKnownFileType = folder.assetcatalog; path = Assets.xcassets; sourceTree = "<group>"; };
		6797E8F325EC5D8B0090D05D /* Base */ = {isa = PBXFileReference; lastKnownFileType = file.storyboard; name = Base; path = Base.lproj/LaunchScreen.storyboard; sourceTree = "<group>"; };
		6797E8F525EC5D8B0090D05D /* Info.plist */ = {isa = PBXFileReference; lastKnownFileType = text.plist.xml; path = Info.plist; sourceTree = "<group>"; };
		6797E90425EC5E350090D05D /* Recipe.swift */ = {isa = PBXFileReference; lastKnownFileType = sourcecode.swift; path = Recipe.swift; sourceTree = "<group>"; };
		67B5FE6125EEDC59001BEC92 /* RecipeInformationViewController.swift */ = {isa = PBXFileReference; lastKnownFileType = sourcecode.swift; path = RecipeInformationViewController.swift; sourceTree = "<group>"; };
		67B5FE6925EF03E9001BEC92 /* RecipeInfoCell.swift */ = {isa = PBXFileReference; lastKnownFileType = sourcecode.swift; path = RecipeInfoCell.swift; sourceTree = "<group>"; };
		67D8A48F25EDB55500B9D30D /* MainViewController.swift */ = {isa = PBXFileReference; lastKnownFileType = sourcecode.swift; path = MainViewController.swift; sourceTree = "<group>"; };
		67D8A49225EDB58200B9D30D /* RandomViewController.swift */ = {isa = PBXFileReference; lastKnownFileType = sourcecode.swift; path = RandomViewController.swift; sourceTree = "<group>"; };
/* End PBXFileReference section */

/* Begin PBXFrameworksBuildPhase section */
		6797E8E125EC5D880090D05D /* Frameworks */ = {
			isa = PBXFrameworksBuildPhase;
			buildActionMask = 2147483647;
			files = (
				883C36B674997187EBB221E6 /* Pods_firstParseApp.framework in Frameworks */,
			);
			runOnlyForDeploymentPostprocessing = 0;
		};
/* End PBXFrameworksBuildPhase section */

/* Begin PBXGroup section */
		054F7E9A44BE83E11D8F6A8D /* Pods */ = {
			isa = PBXGroup;
			children = (
				2E1BF0164287F39B75B6BA1E /* Pods-firstParseApp.debug.xcconfig */,
				2F7BABD4D1FF467226BF500F /* Pods-firstParseApp.release.xcconfig */,
			);
			path = Pods;
			sourceTree = "<group>";
		};
		6797E8DB25EC5D880090D05D = {
			isa = PBXGroup;
			children = (
				6797E8E625EC5D880090D05D /* firstParseApp */,
				6797E8E525EC5D880090D05D /* Products */,
				054F7E9A44BE83E11D8F6A8D /* Pods */,
				F7E3519EAA553628E585A37C /* Frameworks */,
			);
			sourceTree = "<group>";
		};
		6797E8E525EC5D880090D05D /* Products */ = {
			isa = PBXGroup;
			children = (
				6797E8E425EC5D880090D05D /* firstParseApp.app */,
			);
			name = Products;
			sourceTree = "<group>";
		};
		6797E8E625EC5D880090D05D /* firstParseApp */ = {
			isa = PBXGroup;
			children = (
				6797E90325EC5E1C0090D05D /* Services */,
				6797E90225EC5E0C0090D05D /* Models */,
				6797E8FC25EC5DAC0090D05D /* Supporting Files */,
				6797E8FE25EC5DBD0090D05D /* View Controllers */,
				6797E90025EC5DC90090D05D /* Storyboards */,
				6797E90125EC5DD40090D05D /* Resources */,
			);
			path = firstParseApp;
			sourceTree = "<group>";
		};
		6797E8FC25EC5DAC0090D05D /* Supporting Files */ = {
			isa = PBXGroup;
			children = (
				6797E8E725EC5D880090D05D /* AppDelegate.swift */,
				6797E8E925EC5D880090D05D /* SceneDelegate.swift */,
				6797E8F525EC5D8B0090D05D /* Info.plist */,
			);
			path = "Supporting Files";
			sourceTree = "<group>";
		};
		6797E8FE25EC5DBD0090D05D /* View Controllers */ = {
			isa = PBXGroup;
			children = (
				67D8A48F25EDB55500B9D30D /* MainViewController.swift */,
				67D8A49225EDB58200B9D30D /* RandomViewController.swift */,
				67B5FE6125EEDC59001BEC92 /* RecipeInformationViewController.swift */,
				67B5FE6925EF03E9001BEC92 /* RecipeInfoCell.swift */,
				67716ABB25F2F7BE00F7B547 /* RecipeInfoTableViewCell.swift */,
			);
			path = "View Controllers";
			sourceTree = "<group>";
		};
		6797E90025EC5DC90090D05D /* Storyboards */ = {
			isa = PBXGroup;
			children = (
				6797E8ED25EC5D880090D05D /* Main.storyboard */,
				6797E8F225EC5D8B0090D05D /* LaunchScreen.storyboard */,
			);
			path = Storyboards;
			sourceTree = "<group>";
		};
		6797E90125EC5DD40090D05D /* Resources */ = {
			isa = PBXGroup;
			children = (
				6797E8F025EC5D8B0090D05D /* Assets.xcassets */,
			);
			path = Resources;
			sourceTree = "<group>";
		};
		6797E90225EC5E0C0090D05D /* Models */ = {
			isa = PBXGroup;
			children = (
				6797E90425EC5E350090D05D /* Recipe.swift */,
			);
			path = Models;
			sourceTree = "<group>";
		};
		6797E90325EC5E1C0090D05D /* Services */ = {
			isa = PBXGroup;
			children = (
				6720280025F10AC0004A6B46 /* NetworkManager.swift */,
			);
			path = Services;
			sourceTree = "<group>";
		};
		F7E3519EAA553628E585A37C /* Frameworks */ = {
			isa = PBXGroup;
			children = (
				38D2C949B0484F9AC7003FED /* Pods_firstParseApp.framework */,
			);
			name = Frameworks;
			sourceTree = "<group>";
		};
/* End PBXGroup section */

/* Begin PBXNativeTarget section */
		6797E8E325EC5D880090D05D /* firstParseApp */ = {
			isa = PBXNativeTarget;
			buildConfigurationList = 6797E8F825EC5D8B0090D05D /* Build configuration list for PBXNativeTarget "firstParseApp" */;
			buildPhases = (
				6266A1A08B31501B5C082C02 /* [CP] Check Pods Manifest.lock */,
				6797E8E025EC5D880090D05D /* Sources */,
				6797E8E125EC5D880090D05D /* Frameworks */,
				6797E8E225EC5D880090D05D /* Resources */,
				714F7FFF1510E2E9D9EE127E /* [CP] Embed Pods Frameworks */,
			);
			buildRules = (
			);
			dependencies = (
			);
			name = firstParseApp;
			productName = firstParseApp;
			productReference = 6797E8E425EC5D880090D05D /* firstParseApp.app */;
			productType = "com.apple.product-type.application";
		};
/* End PBXNativeTarget section */

/* Begin PBXProject section */
		6797E8DC25EC5D880090D05D /* Project object */ = {
			isa = PBXProject;
			attributes = {
				LastSwiftUpdateCheck = 1240;
				LastUpgradeCheck = 1240;
				TargetAttributes = {
					6797E8E325EC5D880090D05D = {
						CreatedOnToolsVersion = 12.4;
					};
				};
			};
			buildConfigurationList = 6797E8DF25EC5D880090D05D /* Build configuration list for PBXProject "firstParseApp" */;
			compatibilityVersion = "Xcode 9.3";
			developmentRegion = en;
			hasScannedForEncodings = 0;
			knownRegions = (
				en,
				Base,
			);
			mainGroup = 6797E8DB25EC5D880090D05D;
			productRefGroup = 6797E8E525EC5D880090D05D /* Products */;
			projectDirPath = "";
			projectRoot = "";
			targets = (
				6797E8E325EC5D880090D05D /* firstParseApp */,
			);
		};
/* End PBXProject section */

/* Begin PBXResourcesBuildPhase section */
		6797E8E225EC5D880090D05D /* Resources */ = {
			isa = PBXResourcesBuildPhase;
			buildActionMask = 2147483647;
			files = (
				6797E8F425EC5D8B0090D05D /* LaunchScreen.storyboard in Resources */,
				6797E8F125EC5D8B0090D05D /* Assets.xcassets in Resources */,
				6797E8EF25EC5D880090D05D /* Main.storyboard in Resources */,
			);
			runOnlyForDeploymentPostprocessing = 0;
		};
/* End PBXResourcesBuildPhase section */

/* Begin PBXShellScriptBuildPhase section */
		6266A1A08B31501B5C082C02 /* [CP] Check Pods Manifest.lock */ = {
			isa = PBXShellScriptBuildPhase;
			buildActionMask = 2147483647;
			files = (
			);
			inputFileListPaths = (
			);
			inputPaths = (
				"${PODS_PODFILE_DIR_PATH}/Podfile.lock",
				"${PODS_ROOT}/Manifest.lock",
			);
			name = "[CP] Check Pods Manifest.lock";
			outputFileListPaths = (
			);
			outputPaths = (
				"$(DERIVED_FILE_DIR)/Pods-firstParseApp-checkManifestLockResult.txt",
			);
			runOnlyForDeploymentPostprocessing = 0;
			shellPath = /bin/sh;
			shellScript = "diff \"${PODS_PODFILE_DIR_PATH}/Podfile.lock\" \"${PODS_ROOT}/Manifest.lock\" > /dev/null\nif [ $? != 0 ] ; then\n    # print error to STDERR\n    echo \"error: The sandbox is not in sync with the Podfile.lock. Run 'pod install' or update your CocoaPods installation.\" >&2\n    exit 1\nfi\n# This output is used by Xcode 'outputs' to avoid re-running this script phase.\necho \"SUCCESS\" > \"${SCRIPT_OUTPUT_FILE_0}\"\n";
			showEnvVarsInLog = 0;
		};
		714F7FFF1510E2E9D9EE127E /* [CP] Embed Pods Frameworks */ = {
			isa = PBXShellScriptBuildPhase;
			buildActionMask = 2147483647;
			files = (
			);
			inputFileListPaths = (
				"${PODS_ROOT}/Target Support Files/Pods-firstParseApp/Pods-firstParseApp-frameworks-${CONFIGURATION}-input-files.xcfilelist",
			);
			name = "[CP] Embed Pods Frameworks";
			outputFileListPaths = (
				"${PODS_ROOT}/Target Support Files/Pods-firstParseApp/Pods-firstParseApp-frameworks-${CONFIGURATION}-output-files.xcfilelist",
			);
			runOnlyForDeploymentPostprocessing = 0;
			shellPath = /bin/sh;
			shellScript = "\"${PODS_ROOT}/Target Support Files/Pods-firstParseApp/Pods-firstParseApp-frameworks.sh\"\n";
			showEnvVarsInLog = 0;
		};
/* End PBXShellScriptBuildPhase section */

/* Begin PBXSourcesBuildPhase section */
		6797E8E025EC5D880090D05D /* Sources */ = {
			isa = PBXSourcesBuildPhase;
			buildActionMask = 2147483647;
			files = (
				6720280125F10AC0004A6B46 /* NetworkManager.swift in Sources */,
				67D8A49025EDB55500B9D30D /* MainViewController.swift in Sources */,
				67716ABC25F2F7BE00F7B547 /* RecipeInfoTableViewCell.swift in Sources */,
				6797E8E825EC5D880090D05D /* AppDelegate.swift in Sources */,
				67B5FE6A25EF03EA001BEC92 /* RecipeInfoCell.swift in Sources */,
				67B5FE6225EEDC59001BEC92 /* RecipeInformationViewController.swift in Sources */,
				67D8A49325EDB58200B9D30D /* RandomViewController.swift in Sources */,
				6797E8EA25EC5D880090D05D /* SceneDelegate.swift in Sources */,
				6797E90525EC5E360090D05D /* Recipe.swift in Sources */,
			);
			runOnlyForDeploymentPostprocessing = 0;
		};
/* End PBXSourcesBuildPhase section */

/* Begin PBXVariantGroup section */
		6797E8ED25EC5D880090D05D /* Main.storyboard */ = {
			isa = PBXVariantGroup;
			children = (
				6797E8EE25EC5D880090D05D /* Base */,
			);
			name = Main.storyboard;
			sourceTree = "<group>";
		};
		6797E8F225EC5D8B0090D05D /* LaunchScreen.storyboard */ = {
			isa = PBXVariantGroup;
			children = (
				6797E8F325EC5D8B0090D05D /* Base */,
			);
			name = LaunchScreen.storyboard;
			sourceTree = "<group>";
		};
/* End PBXVariantGroup section */

/* Begin XCBuildConfiguration section */
		6797E8F625EC5D8B0090D05D /* Debug */ = {
			isa = XCBuildConfiguration;
			buildSettings = {
				ALWAYS_SEARCH_USER_PATHS = NO;
				CLANG_ANALYZER_NONNULL = YES;
				CLANG_ANALYZER_NUMBER_OBJECT_CONVERSION = YES_AGGRESSIVE;
				CLANG_CXX_LANGUAGE_STANDARD = "gnu++14";
				CLANG_CXX_LIBRARY = "libc++";
				CLANG_ENABLE_MODULES = YES;
				CLANG_ENABLE_OBJC_ARC = YES;
				CLANG_ENABLE_OBJC_WEAK = YES;
				CLANG_WARN_BLOCK_CAPTURE_AUTORELEASING = YES;
				CLANG_WARN_BOOL_CONVERSION = YES;
				CLANG_WARN_COMMA = YES;
				CLANG_WARN_CONSTANT_CONVERSION = YES;
				CLANG_WARN_DEPRECATED_OBJC_IMPLEMENTATIONS = YES;
				CLANG_WARN_DIRECT_OBJC_ISA_USAGE = YES_ERROR;
				CLANG_WARN_DOCUMENTATION_COMMENTS = YES;
				CLANG_WARN_EMPTY_BODY = YES;
				CLANG_WARN_ENUM_CONVERSION = YES;
				CLANG_WARN_INFINITE_RECURSION = YES;
				CLANG_WARN_INT_CONVERSION = YES;
				CLANG_WARN_NON_LITERAL_NULL_CONVERSION = YES;
				CLANG_WARN_OBJC_IMPLICIT_RETAIN_SELF = YES;
				CLANG_WARN_OBJC_LITERAL_CONVERSION = YES;
				CLANG_WARN_OBJC_ROOT_CLASS = YES_ERROR;
				CLANG_WARN_QUOTED_INCLUDE_IN_FRAMEWORK_HEADER = YES;
				CLANG_WARN_RANGE_LOOP_ANALYSIS = YES;
				CLANG_WARN_STRICT_PROTOTYPES = YES;
				CLANG_WARN_SUSPICIOUS_MOVE = YES;
				CLANG_WARN_UNGUARDED_AVAILABILITY = YES_AGGRESSIVE;
				CLANG_WARN_UNREACHABLE_CODE = YES;
				CLANG_WARN__DUPLICATE_METHOD_MATCH = YES;
				COPY_PHASE_STRIP = NO;
				DEBUG_INFORMATION_FORMAT = dwarf;
				ENABLE_STRICT_OBJC_MSGSEND = YES;
				ENABLE_TESTABILITY = YES;
				GCC_C_LANGUAGE_STANDARD = gnu11;
				GCC_DYNAMIC_NO_PIC = NO;
				GCC_NO_COMMON_BLOCKS = YES;
				GCC_OPTIMIZATION_LEVEL = 0;
				GCC_PREPROCESSOR_DEFINITIONS = (
					"DEBUG=1",
					"$(inherited)",
				);
				GCC_WARN_64_TO_32_BIT_CONVERSION = YES;
				GCC_WARN_ABOUT_RETURN_TYPE = YES_ERROR;
				GCC_WARN_UNDECLARED_SELECTOR = YES;
				GCC_WARN_UNINITIALIZED_AUTOS = YES_AGGRESSIVE;
				GCC_WARN_UNUSED_FUNCTION = YES;
				GCC_WARN_UNUSED_VARIABLE = YES;
				IPHONEOS_DEPLOYMENT_TARGET = 14.4;
				MTL_ENABLE_DEBUG_INFO = INCLUDE_SOURCE;
				MTL_FAST_MATH = YES;
				ONLY_ACTIVE_ARCH = YES;
				SDKROOT = iphoneos;
				SWIFT_ACTIVE_COMPILATION_CONDITIONS = DEBUG;
				SWIFT_OPTIMIZATION_LEVEL = "-Onone";
			};
			name = Debug;
		};
		6797E8F725EC5D8B0090D05D /* Release */ = {
			isa = XCBuildConfiguration;
			buildSettings = {
				ALWAYS_SEARCH_USER_PATHS = NO;
				CLANG_ANALYZER_NONNULL = YES;
				CLANG_ANALYZER_NUMBER_OBJECT_CONVERSION = YES_AGGRESSIVE;
				CLANG_CXX_LANGUAGE_STANDARD = "gnu++14";
				CLANG_CXX_LIBRARY = "libc++";
				CLANG_ENABLE_MODULES = YES;
				CLANG_ENABLE_OBJC_ARC = YES;
				CLANG_ENABLE_OBJC_WEAK = YES;
				CLANG_WARN_BLOCK_CAPTURE_AUTORELEASING = YES;
				CLANG_WARN_BOOL_CONVERSION = YES;
				CLANG_WARN_COMMA = YES;
				CLANG_WARN_CONSTANT_CONVERSION = YES;
				CLANG_WARN_DEPRECATED_OBJC_IMPLEMENTATIONS = YES;
				CLANG_WARN_DIRECT_OBJC_ISA_USAGE = YES_ERROR;
				CLANG_WARN_DOCUMENTATION_COMMENTS = YES;
				CLANG_WARN_EMPTY_BODY = YES;
				CLANG_WARN_ENUM_CONVERSION = YES;
				CLANG_WARN_INFINITE_RECURSION = YES;
				CLANG_WARN_INT_CONVERSION = YES;
				CLANG_WARN_NON_LITERAL_NULL_CONVERSION = YES;
				CLANG_WARN_OBJC_IMPLICIT_RETAIN_SELF = YES;
				CLANG_WARN_OBJC_LITERAL_CONVERSION = YES;
				CLANG_WARN_OBJC_ROOT_CLASS = YES_ERROR;
				CLANG_WARN_QUOTED_INCLUDE_IN_FRAMEWORK_HEADER = YES;
				CLANG_WARN_RANGE_LOOP_ANALYSIS = YES;
				CLANG_WARN_STRICT_PROTOTYPES = YES;
				CLANG_WARN_SUSPICIOUS_MOVE = YES;
				CLANG_WARN_UNGUARDED_AVAILABILITY = YES_AGGRESSIVE;
				CLANG_WARN_UNREACHABLE_CODE = YES;
				CLANG_WARN__DUPLICATE_METHOD_MATCH = YES;
				COPY_PHASE_STRIP = NO;
				DEBUG_INFORMATION_FORMAT = "dwarf-with-dsym";
				ENABLE_NS_ASSERTIONS = NO;
				ENABLE_STRICT_OBJC_MSGSEND = YES;
				GCC_C_LANGUAGE_STANDARD = gnu11;
				GCC_NO_COMMON_BLOCKS = YES;
				GCC_WARN_64_TO_32_BIT_CONVERSION = YES;
				GCC_WARN_ABOUT_RETURN_TYPE = YES_ERROR;
				GCC_WARN_UNDECLARED_SELECTOR = YES;
				GCC_WARN_UNINITIALIZED_AUTOS = YES_AGGRESSIVE;
				GCC_WARN_UNUSED_FUNCTION = YES;
				GCC_WARN_UNUSED_VARIABLE = YES;
				IPHONEOS_DEPLOYMENT_TARGET = 14.4;
				MTL_ENABLE_DEBUG_INFO = NO;
				MTL_FAST_MATH = YES;
				SDKROOT = iphoneos;
				SWIFT_COMPILATION_MODE = wholemodule;
				SWIFT_OPTIMIZATION_LEVEL = "-O";
				VALIDATE_PRODUCT = YES;
			};
			name = Release;
		};
		6797E8F925EC5D8B0090D05D /* Debug */ = {
			isa = XCBuildConfiguration;
			baseConfigurationReference = 2E1BF0164287F39B75B6BA1E /* Pods-firstParseApp.debug.xcconfig */;
			buildSettings = {
				ASSETCATALOG_COMPILER_APPICON_NAME = AppIcon;
				ASSETCATALOG_COMPILER_GLOBAL_ACCENT_COLOR_NAME = AccentColor;
				CODE_SIGN_STYLE = Automatic;
				DEVELOPMENT_TEAM = D8C7N2PLY3;
				INFOPLIST_FILE = "firstParseApp/Supporting Files/Info.plist";
				LD_RUNPATH_SEARCH_PATHS = (
					"$(inherited)",
					"@executable_path/Frameworks",
				);
				PRODUCT_BUNDLE_IDENTIFIER = com.albertRazhapov.firstParseApp;
				PRODUCT_NAME = "$(TARGET_NAME)";
				SWIFT_VERSION = 5.0;
				TARGETED_DEVICE_FAMILY = "1,2";
			};
			name = Debug;
		};
		6797E8FA25EC5D8B0090D05D /* Release */ = {
			isa = XCBuildConfiguration;
			baseConfigurationReference = 2F7BABD4D1FF467226BF500F /* Pods-firstParseApp.release.xcconfig */;
			buildSettings = {
				ASSETCATALOG_COMPILER_APPICON_NAME = AppIcon;
				ASSETCATALOG_COMPILER_GLOBAL_ACCENT_COLOR_NAME = AccentColor;
				CODE_SIGN_STYLE = Automatic;
				DEVELOPMENT_TEAM = D8C7N2PLY3;
				INFOPLIST_FILE = "firstParseApp/Supporting Files/Info.plist";
				LD_RUNPATH_SEARCH_PATHS = (
					"$(inherited)",
					"@executable_path/Frameworks",
				);
				PRODUCT_BUNDLE_IDENTIFIER = com.albertRazhapov.firstParseApp;
				PRODUCT_NAME = "$(TARGET_NAME)";
				SWIFT_VERSION = 5.0;
				TARGETED_DEVICE_FAMILY = "1,2";
			};
			name = Release;
		};
/* End XCBuildConfiguration section */

/* Begin XCConfigurationList section */
		6797E8DF25EC5D880090D05D /* Build configuration list for PBXProject "firstParseApp" */ = {
			isa = XCConfigurationList;
			buildConfigurations = (
				6797E8F625EC5D8B0090D05D /* Debug */,
				6797E8F725EC5D8B0090D05D /* Release */,
			);
			defaultConfigurationIsVisible = 0;
			defaultConfigurationName = Release;
		};
		6797E8F825EC5D8B0090D05D /* Build configuration list for PBXNativeTarget "firstParseApp" */ = {
			isa = XCConfigurationList;
			buildConfigurations = (
				6797E8F925EC5D8B0090D05D /* Debug */,
				6797E8FA25EC5D8B0090D05D /* Release */,
			);
			defaultConfigurationIsVisible = 0;
			defaultConfigurationName = Release;
		};
/* End XCConfigurationList section */
	};
	rootObject = 6797E8DC25EC5D880090D05D /* Project object */;
}
